// !$*UTF8*$!
{
	archiveVersion = 1;
	classes = {
	};
	objectVersion = 55;
	objects = {

/* Begin PBXBuildFile section */
		2A09A35C27C257D60003A0B5 /* PlanetMainView.swift in Sources */ = {isa = PBXBuildFile; fileRef = 2A09A35B27C257D60003A0B5 /* PlanetMainView.swift */; };
		2A09A35F27C2581F0003A0B5 /* PlanetSidebarView.swift in Sources */ = {isa = PBXBuildFile; fileRef = 2A09A35E27C2581F0003A0B5 /* PlanetSidebarView.swift */; };
		2A09A36127C2582B0003A0B5 /* PlanetArticleListView.swift in Sources */ = {isa = PBXBuildFile; fileRef = 2A09A36027C2582B0003A0B5 /* PlanetArticleListView.swift */; };
		2A129CD3281D4F7D009443DC /* Credits.rtf in Resources */ = {isa = PBXBuildFile; fileRef = 2A129CD2281D4F7D009443DC /* Credits.rtf */; };
		2A1DA2092820307D0039C3EF /* PlanetAvatarViewModel.swift in Sources */ = {isa = PBXBuildFile; fileRef = 2A1DA2082820307D0039C3EF /* PlanetAvatarViewModel.swift */; };
		2A2E33F227F4A93B0093F405 /* PlanetWriterUploadImageThumbnailView.swift in Sources */ = {isa = PBXBuildFile; fileRef = 2A2E33F127F4A93B0093F405 /* PlanetWriterUploadImageThumbnailView.swift */; };
		2A43EBA0283FBE2000501018 /* Sparkle in Frameworks */ = {isa = PBXBuildFile; productRef = 2A43EB9F283FBE2000501018 /* Sparkle */; };
		2A441BAA27C34FCC0008A694 /* PlanetAboutView.swift in Sources */ = {isa = PBXBuildFile; fileRef = 2A441BA927C34FCC0008A694 /* PlanetAboutView.swift */; };
		2A441BAC27C40AAC0008A694 /* PlanetWriterWindow.swift in Sources */ = {isa = PBXBuildFile; fileRef = 2A441BAB27C40AAC0008A694 /* PlanetWriterWindow.swift */; };
		2A441BAE27C40BD30008A694 /* PlanetWriterView.swift in Sources */ = {isa = PBXBuildFile; fileRef = 2A441BAD27C40BD30008A694 /* PlanetWriterView.swift */; };
		2A441BB027C4DD980008A694 /* CreatePlanetView.swift in Sources */ = {isa = PBXBuildFile; fileRef = 2A441BAF27C4DD980008A694 /* CreatePlanetView.swift */; };
		2A441BB327C4DF110008A694 /* FollowPlanetView.swift in Sources */ = {isa = PBXBuildFile; fileRef = 2A441BB227C4DF110008A694 /* FollowPlanetView.swift */; };
		2A5EA54B281A84BE002FAC54 /* PlanetWriterViewModel.swift in Sources */ = {isa = PBXBuildFile; fileRef = 2A5EA54A281A84BE002FAC54 /* PlanetWriterViewModel.swift */; };
		2A69F04727E1B53A00141DC0 /* FeedKit in Frameworks */ = {isa = PBXBuildFile; productRef = 2A69F04627E1B53A00141DC0 /* FeedKit */; };
		2A732309280983380040BDBD /* PlanetStatusViewModel.swift in Sources */ = {isa = PBXBuildFile; fileRef = 2A732308280983380040BDBD /* PlanetStatusViewModel.swift */; };
		2A780CF927C76EF0007DC36A /* PlanetAvatarView.swift in Sources */ = {isa = PBXBuildFile; fileRef = 2A780CF827C76EF0007DC36A /* PlanetAvatarView.swift */; };
		2A7D1BF427CA1B0A00D3C091 /* EditPlanetView.swift in Sources */ = {isa = PBXBuildFile; fileRef = 2A7D1BF327CA1B0A00D3C091 /* EditPlanetView.swift */; };
		2AC4994927BB6E7500F1C2D1 /* PlanetApp.swift in Sources */ = {isa = PBXBuildFile; fileRef = 2AC4994827BB6E7500F1C2D1 /* PlanetApp.swift */; };
		2AC4994D27BB6E7600F1C2D1 /* Assets.xcassets in Resources */ = {isa = PBXBuildFile; fileRef = 2AC4994C27BB6E7600F1C2D1 /* Assets.xcassets */; };
		2AC4995027BB6E7600F1C2D1 /* Preview Assets.xcassets in Resources */ = {isa = PBXBuildFile; fileRef = 2AC4994F27BB6E7600F1C2D1 /* Preview Assets.xcassets */; };
		2AC4995A27BB756400F1C2D1 /* PlanetStore.swift in Sources */ = {isa = PBXBuildFile; fileRef = 2AC4995827BB756300F1C2D1 /* PlanetStore.swift */; };
		2AC4995B27BB756400F1C2D1 /* Planet.swift in Sources */ = {isa = PBXBuildFile; fileRef = 2AC4995927BB756300F1C2D1 /* Planet.swift */; };
		2AC4995D27BB758B00F1C2D1 /* Extensions.swift in Sources */ = {isa = PBXBuildFile; fileRef = 2AC4995C27BB758B00F1C2D1 /* Extensions.swift */; };
		2AC4996027BB945800F1C2D1 /* PlanetDataController.swift in Sources */ = {isa = PBXBuildFile; fileRef = 2AC4995F27BB945800F1C2D1 /* PlanetDataController.swift */; };
		2AC4996227BB97A200F1C2D1 /* PlanetManager.swift in Sources */ = {isa = PBXBuildFile; fileRef = 2AC4996127BB97A200F1C2D1 /* PlanetManager.swift */; };
		2AC4996627BB97F000F1C2D1 /* PlanetConfiguration.swift in Sources */ = {isa = PBXBuildFile; fileRef = 2AC4996527BB97F000F1C2D1 /* PlanetConfiguration.swift */; };
		2AC4996C27BB99DC00F1C2D1 /* Stencil in Frameworks */ = {isa = PBXBuildFile; productRef = 2AC4996B27BB99DC00F1C2D1 /* Stencil */; };
		2AC4997427BC0EBA00F1C2D1 /* Planet.xcdatamodeld in Sources */ = {isa = PBXBuildFile; fileRef = 2AC4997227BC0EBA00F1C2D1 /* Planet.xcdatamodeld */; };
		2AE07DDA27C9F4EA00377651 /* PlanetArticleWebView.swift in Sources */ = {isa = PBXBuildFile; fileRef = 2AE07DD927C9F4EA00377651 /* PlanetArticleWebView.swift */; };
		2AF1318727C7CDAF007792FE /* PlanetArticleView.swift in Sources */ = {isa = PBXBuildFile; fileRef = 2AF1318627C7CDAF007792FE /* PlanetArticleView.swift */; };
		2AF1318927C7CE8A007792FE /* TemplatePlaceholder.html in Resources */ = {isa = PBXBuildFile; fileRef = 2AF1318827C7CE8A007792FE /* TemplatePlaceholder.html */; };
		2AF4003627F22E87005DF1A9 /* PlanetWriterManager.swift in Sources */ = {isa = PBXBuildFile; fileRef = 2AF4003527F22E87005DF1A9 /* PlanetWriterManager.swift */; };
		2AF4003927F2321F005DF1A9 /* PlanetWriterTextView.swift in Sources */ = {isa = PBXBuildFile; fileRef = 2AF4003827F2321F005DF1A9 /* PlanetWriterTextView.swift */; };
		2AF4003B27F232B2005DF1A9 /* PlanetWriterHelper.swift in Sources */ = {isa = PBXBuildFile; fileRef = 2AF4003A27F232B2005DF1A9 /* PlanetWriterHelper.swift */; };
		2AF4003D27F23575005DF1A9 /* PlanetWriterEditorTextView.swift in Sources */ = {isa = PBXBuildFile; fileRef = 2AF4003C27F23575005DF1A9 /* PlanetWriterEditorTextView.swift */; };
		2AF4006427F37992005DF1A9 /* PlanetWriterPreviewView.swift in Sources */ = {isa = PBXBuildFile; fileRef = 2AF4006327F37992005DF1A9 /* PlanetWriterPreviewView.swift */; };
		2AF4006627F379BF005DF1A9 /* PlanetWriterWebView.swift in Sources */ = {isa = PBXBuildFile; fileRef = 2AF4006527F379BF005DF1A9 /* PlanetWriterWebView.swift */; };
		2AF4006927F37C27005DF1A9 /* WriterBasic.html in Resources */ = {isa = PBXBuildFile; fileRef = 2AF4006727F37C27005DF1A9 /* WriterBasic.html */; };
		2AF4006A27F37C27005DF1A9 /* WriterBasicPlaceholder.html in Resources */ = {isa = PBXBuildFile; fileRef = 2AF4006827F37C27005DF1A9 /* WriterBasicPlaceholder.html */; };
		6A0172E827C9EE05006154B7 /* Basic.html in Resources */ = {isa = PBXBuildFile; fileRef = 6A0172E727C9EE05006154B7 /* Basic.html */; };
		6A0172EB27C9FD5F006154B7 /* Ink in Frameworks */ = {isa = PBXBuildFile; productRef = 6A0172EA27C9FD5F006154B7 /* Ink */; };
		6A0FB8A827FBB129008E203D /* SmartFeedView.swift in Sources */ = {isa = PBXBuildFile; fileRef = 6A0FB8A727FBB129008E203D /* SmartFeedView.swift */; };
		6A28FDA82838598A00036BA6 /* NoSelection.html in Resources */ = {isa = PBXBuildFile; fileRef = 6A28FDA72838598A00036BA6 /* NoSelection.html */; };
		6A2B9BE627ED24A00005467C /* PlanetArticleItemView.swift in Sources */ = {isa = PBXBuildFile; fileRef = 6A2B9BE527ED24A00005467C /* PlanetArticleItemView.swift */; };
		6A5E63A8280726AB00FB1E84 /* TemplateBrowserManager.swift in Sources */ = {isa = PBXBuildFile; fileRef = 6A5E63A7280726AB00FB1E84 /* TemplateBrowserManager.swift */; };
		6A5E63AA2807297000FB1E84 /* TemplateBrowserWindow.swift in Sources */ = {isa = PBXBuildFile; fileRef = 6A5E63A92807297000FB1E84 /* TemplateBrowserWindow.swift */; };
		6A5E63AC28072AD400FB1E84 /* TemplateBrowserView.swift in Sources */ = {isa = PBXBuildFile; fileRef = 6A5E63AB28072AD400FB1E84 /* TemplateBrowserView.swift */; };
		6A5F3971280785A700386029 /* TemplateBrowserSidebar.swift in Sources */ = {isa = PBXBuildFile; fileRef = 6A5F3970280785A700386029 /* TemplateBrowserSidebar.swift */; };
		6A669052282BD6E6009E56E2 /* TemplateBrowserPreviewWebView.swift in Sources */ = {isa = PBXBuildFile; fileRef = 6A669051282BD6E6009E56E2 /* TemplateBrowserPreviewWebView.swift */; };
		6A6A146628215587009644B6 /* Template.swift in Sources */ = {isa = PBXBuildFile; fileRef = 6A6A146528215587009644B6 /* Template.swift */; };
		6A6A1468282159DC009644B6 /* TemplateBrowserStore.swift in Sources */ = {isa = PBXBuildFile; fileRef = 6A6A1467282159DC009644B6 /* TemplateBrowserStore.swift */; };
		6ABAB91828215FF30014F209 /* TemplatePreviewView.swift in Sources */ = {isa = PBXBuildFile; fileRef = 6ABAB91728215FF30014F209 /* TemplatePreviewView.swift */; };
		7211431A5867D4CF2960EC39 /* IPFSCommand.swift in Sources */ = {isa = PBXBuildFile; fileRef = 72114270D79DBC89703262B9 /* IPFSCommand.swift */; };
		721144F70CBCCFAA04277BA4 /* fs-repo-migrations-arm64 in Resources */ = {isa = PBXBuildFile; fileRef = 721145901046AC768CEAE31C /* fs-repo-migrations-arm64 */; };
		72114509730D9D97178E0E82 /* IPFSState.swift in Sources */ = {isa = PBXBuildFile; fileRef = 721148C9E7BCB6F1BC539F57 /* IPFSState.swift */; };
		72114526A36207759470E32B /* ipfs-arm64 in Resources */ = {isa = PBXBuildFile; fileRef = 721146EB04A767526D0870E7 /* ipfs-arm64 */; };
		7211453BC07C2E4A588D1618 /* URLUtils.swift in Sources */ = {isa = PBXBuildFile; fileRef = 721143ED3BE78AB9D7C6C9A2 /* URLUtils.swift */; };
		7211454FA6F933028B1A6F34 /* GoIPFSGateway.swift in Sources */ = {isa = PBXBuildFile; fileRef = 72114600967CFED3A00E5C50 /* GoIPFSGateway.swift */; };
		721148F88BE8ABCC52FEB501 /* IPFSDaemon.swift in Sources */ = {isa = PBXBuildFile; fileRef = 72114CC4F1FBAAD946B9A376 /* IPFSDaemon.swift */; };
		721149FFE57BBAB8F4F4B25D /* fs-repo-migrations-amd64 in Resources */ = {isa = PBXBuildFile; fileRef = 72114395F7CD359BE260F77C /* fs-repo-migrations-amd64 */; };
		72114CDE6B0B3D309DCE0F67 /* ipfs-amd64 in Resources */ = {isa = PBXBuildFile; fileRef = 7211456357838C0FE5DEECD0 /* ipfs-amd64 */; };
		72114F25F504270EB29068C9 /* PlanetError.swift in Sources */ = {isa = PBXBuildFile; fileRef = 7211404DFC1B4D23F84EA279 /* PlanetError.swift */; };
		BBC831AB2836239300CE1F67 /* PlanetSiteTemplates in Frameworks */ = {isa = PBXBuildFile; productRef = BBC831AA2836239300CE1F67 /* PlanetSiteTemplates */; };
		BBFE51EC27F3AABC0055A51A /* ENSKit in Frameworks */ = {isa = PBXBuildFile; productRef = BBFE51EB27F3AABC0055A51A /* ENSKit */; };
/* End PBXBuildFile section */

/* Begin PBXFileReference section */
		2A09A35B27C257D60003A0B5 /* PlanetMainView.swift */ = {isa = PBXFileReference; lastKnownFileType = sourcecode.swift; path = PlanetMainView.swift; sourceTree = "<group>"; };
		2A09A35E27C2581F0003A0B5 /* PlanetSidebarView.swift */ = {isa = PBXFileReference; lastKnownFileType = sourcecode.swift; path = PlanetSidebarView.swift; sourceTree = "<group>"; };
		2A09A36027C2582B0003A0B5 /* PlanetArticleListView.swift */ = {isa = PBXFileReference; lastKnownFileType = sourcecode.swift; path = PlanetArticleListView.swift; sourceTree = "<group>"; };
		2A129CD2281D4F7D009443DC /* Credits.rtf */ = {isa = PBXFileReference; lastKnownFileType = text.rtf; path = Credits.rtf; sourceTree = "<group>"; };
		2A1DA2082820307D0039C3EF /* PlanetAvatarViewModel.swift */ = {isa = PBXFileReference; lastKnownFileType = sourcecode.swift; path = PlanetAvatarViewModel.swift; sourceTree = "<group>"; };
		2A2E33F127F4A93B0093F405 /* PlanetWriterUploadImageThumbnailView.swift */ = {isa = PBXFileReference; lastKnownFileType = sourcecode.swift; path = PlanetWriterUploadImageThumbnailView.swift; sourceTree = "<group>"; };
		2A43EBA1283FC7A200501018 /* Release.xcconfig */ = {isa = PBXFileReference; lastKnownFileType = text.xcconfig; path = Release.xcconfig; sourceTree = "<group>"; };
		2A441BA927C34FCC0008A694 /* PlanetAboutView.swift */ = {isa = PBXFileReference; lastKnownFileType = sourcecode.swift; path = PlanetAboutView.swift; sourceTree = "<group>"; };
		2A441BAB27C40AAC0008A694 /* PlanetWriterWindow.swift */ = {isa = PBXFileReference; lastKnownFileType = sourcecode.swift; path = PlanetWriterWindow.swift; sourceTree = "<group>"; };
		2A441BAD27C40BD30008A694 /* PlanetWriterView.swift */ = {isa = PBXFileReference; lastKnownFileType = sourcecode.swift; path = PlanetWriterView.swift; sourceTree = "<group>"; };
		2A441BAF27C4DD980008A694 /* CreatePlanetView.swift */ = {isa = PBXFileReference; fileEncoding = 4; lastKnownFileType = sourcecode.swift; path = CreatePlanetView.swift; sourceTree = "<group>"; };
		2A441BB227C4DF110008A694 /* FollowPlanetView.swift */ = {isa = PBXFileReference; fileEncoding = 4; lastKnownFileType = sourcecode.swift; path = FollowPlanetView.swift; sourceTree = "<group>"; };
		2A5EA54A281A84BE002FAC54 /* PlanetWriterViewModel.swift */ = {isa = PBXFileReference; lastKnownFileType = sourcecode.swift; path = PlanetWriterViewModel.swift; sourceTree = "<group>"; };
		2A69F04327E0F5D800141DC0 /* BasicPreview.html */ = {isa = PBXFileReference; fileEncoding = 4; lastKnownFileType = text.html; path = BasicPreview.html; sourceTree = "<group>"; };
		2A732308280983380040BDBD /* PlanetStatusViewModel.swift */ = {isa = PBXFileReference; lastKnownFileType = sourcecode.swift; path = PlanetStatusViewModel.swift; sourceTree = "<group>"; };
		2A780CF827C76EF0007DC36A /* PlanetAvatarView.swift */ = {isa = PBXFileReference; lastKnownFileType = sourcecode.swift; path = PlanetAvatarView.swift; sourceTree = "<group>"; };
		2A7D1BF327CA1B0A00D3C091 /* EditPlanetView.swift */ = {isa = PBXFileReference; lastKnownFileType = sourcecode.swift; path = EditPlanetView.swift; sourceTree = "<group>"; };
		2AC4994527BB6E7500F1C2D1 /* Planet.app */ = {isa = PBXFileReference; explicitFileType = wrapper.application; includeInIndex = 0; path = Planet.app; sourceTree = BUILT_PRODUCTS_DIR; };
		2AC4994827BB6E7500F1C2D1 /* PlanetApp.swift */ = {isa = PBXFileReference; lastKnownFileType = sourcecode.swift; path = PlanetApp.swift; sourceTree = "<group>"; };
		2AC4994C27BB6E7600F1C2D1 /* Assets.xcassets */ = {isa = PBXFileReference; lastKnownFileType = folder.assetcatalog; path = Assets.xcassets; sourceTree = "<group>"; };
		2AC4994F27BB6E7600F1C2D1 /* Preview Assets.xcassets */ = {isa = PBXFileReference; lastKnownFileType = folder.assetcatalog; path = "Preview Assets.xcassets"; sourceTree = "<group>"; };
		2AC4995127BB6E7600F1C2D1 /* Planet.entitlements */ = {isa = PBXFileReference; lastKnownFileType = text.plist.entitlements; path = Planet.entitlements; sourceTree = "<group>"; };
		2AC4995827BB756300F1C2D1 /* PlanetStore.swift */ = {isa = PBXFileReference; fileEncoding = 4; lastKnownFileType = sourcecode.swift; path = PlanetStore.swift; sourceTree = "<group>"; };
		2AC4995927BB756300F1C2D1 /* Planet.swift */ = {isa = PBXFileReference; fileEncoding = 4; lastKnownFileType = sourcecode.swift; path = Planet.swift; sourceTree = "<group>"; };
		2AC4995C27BB758B00F1C2D1 /* Extensions.swift */ = {isa = PBXFileReference; fileEncoding = 4; lastKnownFileType = sourcecode.swift; path = Extensions.swift; sourceTree = "<group>"; };
		2AC4995F27BB945800F1C2D1 /* PlanetDataController.swift */ = {isa = PBXFileReference; lastKnownFileType = sourcecode.swift; path = PlanetDataController.swift; sourceTree = "<group>"; };
		2AC4996127BB97A200F1C2D1 /* PlanetManager.swift */ = {isa = PBXFileReference; lastKnownFileType = sourcecode.swift; path = PlanetManager.swift; sourceTree = "<group>"; };
		2AC4996527BB97F000F1C2D1 /* PlanetConfiguration.swift */ = {isa = PBXFileReference; fileEncoding = 4; lastKnownFileType = sourcecode.swift; path = PlanetConfiguration.swift; sourceTree = "<group>"; };
		2AC4996727BB981200F1C2D1 /* Planet.xcconfig */ = {isa = PBXFileReference; fileEncoding = 4; lastKnownFileType = text.xcconfig; path = Planet.xcconfig; sourceTree = "<group>"; };
		2AC4996927BB987B00F1C2D1 /* Info.plist */ = {isa = PBXFileReference; lastKnownFileType = text.plist; path = Info.plist; sourceTree = "<group>"; };
		2AC4997327BC0EBA00F1C2D1 /* Planet.xcdatamodel */ = {isa = PBXFileReference; lastKnownFileType = wrapper.xcdatamodel; path = Planet.xcdatamodel; sourceTree = "<group>"; };
		2AE07DD927C9F4EA00377651 /* PlanetArticleWebView.swift */ = {isa = PBXFileReference; lastKnownFileType = sourcecode.swift; path = PlanetArticleWebView.swift; sourceTree = "<group>"; };
		2AF1318627C7CDAF007792FE /* PlanetArticleView.swift */ = {isa = PBXFileReference; lastKnownFileType = sourcecode.swift; path = PlanetArticleView.swift; sourceTree = "<group>"; };
		2AF1318827C7CE8A007792FE /* TemplatePlaceholder.html */ = {isa = PBXFileReference; fileEncoding = 4; lastKnownFileType = text.html; path = TemplatePlaceholder.html; sourceTree = "<group>"; };
		2AF4003527F22E87005DF1A9 /* PlanetWriterManager.swift */ = {isa = PBXFileReference; lastKnownFileType = sourcecode.swift; path = PlanetWriterManager.swift; sourceTree = "<group>"; };
		2AF4003827F2321F005DF1A9 /* PlanetWriterTextView.swift */ = {isa = PBXFileReference; lastKnownFileType = sourcecode.swift; path = PlanetWriterTextView.swift; sourceTree = "<group>"; };
		2AF4003A27F232B2005DF1A9 /* PlanetWriterHelper.swift */ = {isa = PBXFileReference; lastKnownFileType = sourcecode.swift; path = PlanetWriterHelper.swift; sourceTree = "<group>"; };
		2AF4003C27F23575005DF1A9 /* PlanetWriterEditorTextView.swift */ = {isa = PBXFileReference; lastKnownFileType = sourcecode.swift; path = PlanetWriterEditorTextView.swift; sourceTree = "<group>"; };
		2AF4006327F37992005DF1A9 /* PlanetWriterPreviewView.swift */ = {isa = PBXFileReference; lastKnownFileType = sourcecode.swift; path = PlanetWriterPreviewView.swift; sourceTree = "<group>"; };
		2AF4006527F379BF005DF1A9 /* PlanetWriterWebView.swift */ = {isa = PBXFileReference; lastKnownFileType = sourcecode.swift; path = PlanetWriterWebView.swift; sourceTree = "<group>"; };
		2AF4006727F37C27005DF1A9 /* WriterBasic.html */ = {isa = PBXFileReference; fileEncoding = 4; lastKnownFileType = text.html; path = WriterBasic.html; sourceTree = "<group>"; };
		2AF4006827F37C27005DF1A9 /* WriterBasicPlaceholder.html */ = {isa = PBXFileReference; fileEncoding = 4; lastKnownFileType = text.html; path = WriterBasicPlaceholder.html; sourceTree = "<group>"; };
		6A0172E727C9EE05006154B7 /* Basic.html */ = {isa = PBXFileReference; lastKnownFileType = text.html; path = Basic.html; sourceTree = "<group>"; };
		6A0FB8A427FBA3A3008E203D /* Planet v4.xcdatamodel */ = {isa = PBXFileReference; lastKnownFileType = wrapper.xcdatamodel; path = "Planet v4.xcdatamodel"; sourceTree = "<group>"; };
		6A0FB8A727FBB129008E203D /* SmartFeedView.swift */ = {isa = PBXFileReference; lastKnownFileType = sourcecode.swift; path = SmartFeedView.swift; sourceTree = "<group>"; };
		6A28FDA72838598A00036BA6 /* NoSelection.html */ = {isa = PBXFileReference; lastKnownFileType = text.html; path = NoSelection.html; sourceTree = "<group>"; };
		6A2B9BE527ED24A00005467C /* PlanetArticleItemView.swift */ = {isa = PBXFileReference; lastKnownFileType = sourcecode.swift; path = PlanetArticleItemView.swift; sourceTree = "<group>"; };
		6A5E63A7280726AB00FB1E84 /* TemplateBrowserManager.swift */ = {isa = PBXFileReference; lastKnownFileType = sourcecode.swift; path = TemplateBrowserManager.swift; sourceTree = "<group>"; };
		6A5E63A92807297000FB1E84 /* TemplateBrowserWindow.swift */ = {isa = PBXFileReference; lastKnownFileType = sourcecode.swift; path = TemplateBrowserWindow.swift; sourceTree = "<group>"; };
		6A5E63AB28072AD400FB1E84 /* TemplateBrowserView.swift */ = {isa = PBXFileReference; lastKnownFileType = sourcecode.swift; path = TemplateBrowserView.swift; sourceTree = "<group>"; };
		6A5F3970280785A700386029 /* TemplateBrowserSidebar.swift */ = {isa = PBXFileReference; lastKnownFileType = sourcecode.swift; path = TemplateBrowserSidebar.swift; sourceTree = "<group>"; };
		6A669051282BD6E6009E56E2 /* TemplateBrowserPreviewWebView.swift */ = {isa = PBXFileReference; lastKnownFileType = sourcecode.swift; path = TemplateBrowserPreviewWebView.swift; sourceTree = "<group>"; };
		6A6A146528215587009644B6 /* Template.swift */ = {isa = PBXFileReference; lastKnownFileType = sourcecode.swift; path = Template.swift; sourceTree = "<group>"; };
		6A6A1467282159DC009644B6 /* TemplateBrowserStore.swift */ = {isa = PBXFileReference; lastKnownFileType = sourcecode.swift; path = TemplateBrowserStore.swift; sourceTree = "<group>"; };
		6AA2BC3227DC09AE00AC96B5 /* Planet v3.xcdatamodel */ = {isa = PBXFileReference; lastKnownFileType = wrapper.xcdatamodel; path = "Planet v3.xcdatamodel"; sourceTree = "<group>"; };
		6ABAB91728215FF30014F209 /* TemplatePreviewView.swift */ = {isa = PBXFileReference; lastKnownFileType = sourcecode.swift; path = TemplatePreviewView.swift; sourceTree = "<group>"; };
		6AF47B0127D8149A00F34724 /* Planet v2.xcdatamodel */ = {isa = PBXFileReference; lastKnownFileType = wrapper.xcdatamodel; path = "Planet v2.xcdatamodel"; sourceTree = "<group>"; };
		7211404DFC1B4D23F84EA279 /* PlanetError.swift */ = {isa = PBXFileReference; fileEncoding = 4; lastKnownFileType = sourcecode.swift; path = PlanetError.swift; sourceTree = "<group>"; };
		72114270D79DBC89703262B9 /* IPFSCommand.swift */ = {isa = PBXFileReference; fileEncoding = 4; lastKnownFileType = sourcecode.swift; path = IPFSCommand.swift; sourceTree = "<group>"; };
		72114395F7CD359BE260F77C /* fs-repo-migrations-amd64 */ = {isa = PBXFileReference; fileEncoding = 4; lastKnownFileType = text; path = "fs-repo-migrations-amd64"; sourceTree = "<group>"; };
		721143ED3BE78AB9D7C6C9A2 /* URLUtils.swift */ = {isa = PBXFileReference; fileEncoding = 4; lastKnownFileType = sourcecode.swift; path = URLUtils.swift; sourceTree = "<group>"; };
		7211456357838C0FE5DEECD0 /* ipfs-amd64 */ = {isa = PBXFileReference; fileEncoding = 4; lastKnownFileType = text; path = "ipfs-amd64"; sourceTree = "<group>"; };
		721145901046AC768CEAE31C /* fs-repo-migrations-arm64 */ = {isa = PBXFileReference; fileEncoding = 4; lastKnownFileType = text; path = "fs-repo-migrations-arm64"; sourceTree = "<group>"; };
		72114600967CFED3A00E5C50 /* GoIPFSGateway.swift */ = {isa = PBXFileReference; fileEncoding = 4; lastKnownFileType = sourcecode.swift; path = GoIPFSGateway.swift; sourceTree = "<group>"; };
		721146EB04A767526D0870E7 /* ipfs-arm64 */ = {isa = PBXFileReference; fileEncoding = 4; lastKnownFileType = text; path = "ipfs-arm64"; sourceTree = "<group>"; };
		721148C9E7BCB6F1BC539F57 /* IPFSState.swift */ = {isa = PBXFileReference; fileEncoding = 4; lastKnownFileType = sourcecode.swift; path = IPFSState.swift; sourceTree = "<group>"; };
		72114CC4F1FBAAD946B9A376 /* IPFSDaemon.swift */ = {isa = PBXFileReference; fileEncoding = 4; lastKnownFileType = sourcecode.swift; path = IPFSDaemon.swift; sourceTree = "<group>"; };
		BB8ADF83282580130024DEE2 /* Planet v6.xcdatamodel */ = {isa = PBXFileReference; lastKnownFileType = wrapper.xcdatamodel; path = "Planet v6.xcdatamodel"; sourceTree = "<group>"; };
		BBC60A1A2803931C007A42D0 /* Planet v5.xcdatamodel */ = {isa = PBXFileReference; lastKnownFileType = wrapper.xcdatamodel; path = "Planet v5.xcdatamodel"; sourceTree = "<group>"; };
		BBC831AC2837075600CE1F67 /* Planet v7.xcdatamodel */ = {isa = PBXFileReference; lastKnownFileType = wrapper.xcdatamodel; path = "Planet v7.xcdatamodel"; sourceTree = "<group>"; };
/* End PBXFileReference section */

/* Begin PBXFrameworksBuildPhase section */
		2AC4994227BB6E7500F1C2D1 /* Frameworks */ = {
			isa = PBXFrameworksBuildPhase;
			buildActionMask = 2147483647;
			files = (
				BBFE51EC27F3AABC0055A51A /* ENSKit in Frameworks */,
				BBC831AB2836239300CE1F67 /* PlanetSiteTemplates in Frameworks */,
				2A69F04727E1B53A00141DC0 /* FeedKit in Frameworks */,
				2A43EBA0283FBE2000501018 /* Sparkle in Frameworks */,
				2AC4996C27BB99DC00F1C2D1 /* Stencil in Frameworks */,
				6A0172EB27C9FD5F006154B7 /* Ink in Frameworks */,
			);
			runOnlyForDeploymentPostprocessing = 0;
		};
/* End PBXFrameworksBuildPhase section */

/* Begin PBXGroup section */
		2A09A35D27C257E40003A0B5 /* Views */ = {
			isa = PBXGroup;
			children = (
				6A0FB8A627FBAFFD008E203D /* List */,
				6A0FB8A527FBAFDF008E203D /* Sidebar */,
				2A09A35B27C257D60003A0B5 /* PlanetMainView.swift */,
				2A441BA927C34FCC0008A694 /* PlanetAboutView.swift */,
				2A780CF827C76EF0007DC36A /* PlanetAvatarView.swift */,
				2AF1318627C7CDAF007792FE /* PlanetArticleView.swift */,
				2AE07DD927C9F4EA00377651 /* PlanetArticleWebView.swift */,
				2A441BB127C4DDDE0008A694 /* Create & Follow Planet */,
			);
			path = Views;
			sourceTree = "<group>";
		};
		2A1DA20A282030820039C3EF /* View Models */ = {
			isa = PBXGroup;
			children = (
				2A5EA54A281A84BE002FAC54 /* PlanetWriterViewModel.swift */,
				2A1DA2082820307D0039C3EF /* PlanetAvatarViewModel.swift */,
			);
			path = "View Models";
			sourceTree = "<group>";
		};
		2A441BB127C4DDDE0008A694 /* Create & Follow Planet */ = {
			isa = PBXGroup;
			children = (
				2A441BAF27C4DD980008A694 /* CreatePlanetView.swift */,
				2A7D1BF327CA1B0A00D3C091 /* EditPlanetView.swift */,
				2A441BB227C4DF110008A694 /* FollowPlanetView.swift */,
			);
			path = "Create & Follow Planet";
			sourceTree = "<group>";
		};
		2AC4993C27BB6E7500F1C2D1 = {
			isa = PBXGroup;
			children = (
				2AC4994727BB6E7500F1C2D1 /* Planet */,
				2AC4994627BB6E7500F1C2D1 /* Products */,
			);
			sourceTree = "<group>";
		};
		2AC4994627BB6E7500F1C2D1 /* Products */ = {
			isa = PBXGroup;
			children = (
				2AC4994527BB6E7500F1C2D1 /* Planet.app */,
			);
			name = Products;
			sourceTree = "<group>";
		};
		2AC4994727BB6E7500F1C2D1 /* Planet */ = {
			isa = PBXGroup;
			children = (
				2AC4996927BB987B00F1C2D1 /* Info.plist */,
				6A5E63A62807269400FB1E84 /* TemplateBrowser */,
				2AC4996D27BB9F2200F1C2D1 /* Templates */,
				2AC4995E27BB759000F1C2D1 /* Helper */,
				2AC4995927BB756300F1C2D1 /* Planet.swift */,
				2AC4995827BB756300F1C2D1 /* PlanetStore.swift */,
				2AC4995F27BB945800F1C2D1 /* PlanetDataController.swift */,
				2AC4996127BB97A200F1C2D1 /* PlanetManager.swift */,
				2AC4996527BB97F000F1C2D1 /* PlanetConfiguration.swift */,
				2AC4994827BB6E7500F1C2D1 /* PlanetApp.swift */,
				2A732308280983380040BDBD /* PlanetStatusViewModel.swift */,
				7211404DFC1B4D23F84EA279 /* PlanetError.swift */,
				2A1DA20A282030820039C3EF /* View Models */,
				2AF4003727F231F8005DF1A9 /* Writer */,
				2A09A35D27C257E40003A0B5 /* Views */,
				2AC4994C27BB6E7600F1C2D1 /* Assets.xcassets */,
				2AC4995127BB6E7600F1C2D1 /* Planet.entitlements */,
				2AC4996727BB981200F1C2D1 /* Planet.xcconfig */,
				2AC4997227BC0EBA00F1C2D1 /* Planet.xcdatamodeld */,
				2AC4994E27BB6E7600F1C2D1 /* Preview Content */,
				2A129CD2281D4F7D009443DC /* Credits.rtf */,
				72114ABE784F27251FE3A0BD /* IPFS */,
				2A43EBA1283FC7A200501018 /* Release.xcconfig */,
			);
			path = Planet;
			sourceTree = "<group>";
		};
		2AC4994E27BB6E7600F1C2D1 /* Preview Content */ = {
			isa = PBXGroup;
			children = (
				2AC4994F27BB6E7600F1C2D1 /* Preview Assets.xcassets */,
			);
			path = "Preview Content";
			sourceTree = "<group>";
		};
		2AC4995E27BB759000F1C2D1 /* Helper */ = {
			isa = PBXGroup;
			children = (
				2AC4995C27BB758B00F1C2D1 /* Extensions.swift */,
				72114600967CFED3A00E5C50 /* GoIPFSGateway.swift */,
				721143ED3BE78AB9D7C6C9A2 /* URLUtils.swift */,
			);
			path = Helper;
			sourceTree = "<group>";
		};
		2AC4996D27BB9F2200F1C2D1 /* Templates */ = {
			isa = PBXGroup;
			children = (
				2AF1318827C7CE8A007792FE /* TemplatePlaceholder.html */,
				6A0172E727C9EE05006154B7 /* Basic.html */,
				2A69F04327E0F5D800141DC0 /* BasicPreview.html */,
				2AF4006727F37C27005DF1A9 /* WriterBasic.html */,
				2AF4006827F37C27005DF1A9 /* WriterBasicPlaceholder.html */,
				6A28FDA72838598A00036BA6 /* NoSelection.html */,
			);
			path = Templates;
			sourceTree = "<group>";
		};
		2AF4003727F231F8005DF1A9 /* Writer */ = {
			isa = PBXGroup;
			children = (
				2AF4003527F22E87005DF1A9 /* PlanetWriterManager.swift */,
				2A441BAB27C40AAC0008A694 /* PlanetWriterWindow.swift */,
				2A441BAD27C40BD30008A694 /* PlanetWriterView.swift */,
				2AF4003827F2321F005DF1A9 /* PlanetWriterTextView.swift */,
				2AF4003C27F23575005DF1A9 /* PlanetWriterEditorTextView.swift */,
				2A2E33F127F4A93B0093F405 /* PlanetWriterUploadImageThumbnailView.swift */,
				2AF4006527F379BF005DF1A9 /* PlanetWriterWebView.swift */,
				2AF4006327F37992005DF1A9 /* PlanetWriterPreviewView.swift */,
				2AF4003A27F232B2005DF1A9 /* PlanetWriterHelper.swift */,
			);
			path = Writer;
			sourceTree = "<group>";
		};
		6A0FB8A527FBAFDF008E203D /* Sidebar */ = {
			isa = PBXGroup;
			children = (
				2A09A35E27C2581F0003A0B5 /* PlanetSidebarView.swift */,
				6A0FB8A727FBB129008E203D /* SmartFeedView.swift */,
			);
			path = Sidebar;
			sourceTree = "<group>";
		};
		6A0FB8A627FBAFFD008E203D /* List */ = {
			isa = PBXGroup;
			children = (
				6A2B9BE527ED24A00005467C /* PlanetArticleItemView.swift */,
				2A09A36027C2582B0003A0B5 /* PlanetArticleListView.swift */,
			);
			path = List;
			sourceTree = "<group>";
		};
		6A5E63A62807269400FB1E84 /* TemplateBrowser */ = {
			isa = PBXGroup;
			children = (
				6A5E63A7280726AB00FB1E84 /* TemplateBrowserManager.swift */,
				6A5E63A92807297000FB1E84 /* TemplateBrowserWindow.swift */,
				6A5E63AB28072AD400FB1E84 /* TemplateBrowserView.swift */,
				6A5F3970280785A700386029 /* TemplateBrowserSidebar.swift */,
				6A6A146528215587009644B6 /* Template.swift */,
				6A6A1467282159DC009644B6 /* TemplateBrowserStore.swift */,
				6ABAB91728215FF30014F209 /* TemplatePreviewView.swift */,
				6A669051282BD6E6009E56E2 /* TemplateBrowserPreviewWebView.swift */,
			);
			path = TemplateBrowser;
			sourceTree = "<group>";
		};
		721141137EDE4A3E5706D234 /* go-ipfs-executables */ = {
			isa = PBXGroup;
			children = (
				7211456357838C0FE5DEECD0 /* ipfs-amd64 */,
				721146EB04A767526D0870E7 /* ipfs-arm64 */,
				72114395F7CD359BE260F77C /* fs-repo-migrations-amd64 */,
				721145901046AC768CEAE31C /* fs-repo-migrations-arm64 */,
			);
			path = "go-ipfs-executables";
			sourceTree = "<group>";
		};
		72114ABE784F27251FE3A0BD /* IPFS */ = {
			isa = PBXGroup;
			children = (
				721148C9E7BCB6F1BC539F57 /* IPFSState.swift */,
				72114CC4F1FBAAD946B9A376 /* IPFSDaemon.swift */,
				72114270D79DBC89703262B9 /* IPFSCommand.swift */,
				721141137EDE4A3E5706D234 /* go-ipfs-executables */,
			);
			path = IPFS;
			sourceTree = "<group>";
		};
/* End PBXGroup section */

/* Begin PBXNativeTarget section */
		2AC4994427BB6E7500F1C2D1 /* Planet */ = {
			isa = PBXNativeTarget;
			buildConfigurationList = 2AC4995427BB6E7600F1C2D1 /* Build configuration list for PBXNativeTarget "Planet" */;
			buildPhases = (
				2AC4994127BB6E7500F1C2D1 /* Sources */,
				2AC4994227BB6E7500F1C2D1 /* Frameworks */,
				2AC4994327BB6E7500F1C2D1 /* Resources */,
			);
			buildRules = (
			);
			dependencies = (
			);
			name = Planet;
			packageProductDependencies = (
				2AC4996B27BB99DC00F1C2D1 /* Stencil */,
				6A0172EA27C9FD5F006154B7 /* Ink */,
				2A69F04627E1B53A00141DC0 /* FeedKit */,
				BBFE51EB27F3AABC0055A51A /* ENSKit */,
				BBC831AA2836239300CE1F67 /* PlanetSiteTemplates */,
				2A43EB9F283FBE2000501018 /* Sparkle */,
			);
			productName = Planet;
			productReference = 2AC4994527BB6E7500F1C2D1 /* Planet.app */;
			productType = "com.apple.product-type.application";
		};
/* End PBXNativeTarget section */

/* Begin PBXProject section */
		2AC4993D27BB6E7500F1C2D1 /* Project object */ = {
			isa = PBXProject;
			attributes = {
				BuildIndependentTargetsInParallel = 1;
				LastSwiftUpdateCheck = 1320;
				LastUpgradeCheck = 1330;
				TargetAttributes = {
					2AC4994427BB6E7500F1C2D1 = {
						CreatedOnToolsVersion = 13.2.1;
					};
				};
			};
			buildConfigurationList = 2AC4994027BB6E7500F1C2D1 /* Build configuration list for PBXProject "Planet" */;
			compatibilityVersion = "Xcode 13.0";
			developmentRegion = en;
			hasScannedForEncodings = 0;
			knownRegions = (
				en,
				Base,
			);
			mainGroup = 2AC4993C27BB6E7500F1C2D1;
			packageReferences = (
				2AC4996A27BB99DC00F1C2D1 /* XCRemoteSwiftPackageReference "Stencil" */,
				6A0172E927C9FD5F006154B7 /* XCRemoteSwiftPackageReference "ink" */,
				2A69F04527E1B53A00141DC0 /* XCRemoteSwiftPackageReference "FeedKit" */,
				BBFE51EA27F3AABC0055A51A /* XCRemoteSwiftPackageReference "ENSKit" */,
				BBC831A92836239300CE1F67 /* XCRemoteSwiftPackageReference "PlanetSiteTemplates" */,
				2A43EB9E283FBE2000501018 /* XCRemoteSwiftPackageReference "Sparkle" */,
			);
			productRefGroup = 2AC4994627BB6E7500F1C2D1 /* Products */;
			projectDirPath = "";
			projectRoot = "";
			targets = (
				2AC4994427BB6E7500F1C2D1 /* Planet */,
			);
		};
/* End PBXProject section */

/* Begin PBXResourcesBuildPhase section */
		2AC4994327BB6E7500F1C2D1 /* Resources */ = {
			isa = PBXResourcesBuildPhase;
			buildActionMask = 2147483647;
			files = (
				2AF4006A27F37C27005DF1A9 /* WriterBasicPlaceholder.html in Resources */,
				2AC4995027BB6E7600F1C2D1 /* Preview Assets.xcassets in Resources */,
				6A28FDA82838598A00036BA6 /* NoSelection.html in Resources */,
				2AC4994D27BB6E7600F1C2D1 /* Assets.xcassets in Resources */,
				2A129CD3281D4F7D009443DC /* Credits.rtf in Resources */,
				2AF4006927F37C27005DF1A9 /* WriterBasic.html in Resources */,
				6A0172E827C9EE05006154B7 /* Basic.html in Resources */,
				2AF1318927C7CE8A007792FE /* TemplatePlaceholder.html in Resources */,
				72114CDE6B0B3D309DCE0F67 /* ipfs-amd64 in Resources */,
				72114526A36207759470E32B /* ipfs-arm64 in Resources */,
				721149FFE57BBAB8F4F4B25D /* fs-repo-migrations-amd64 in Resources */,
				721144F70CBCCFAA04277BA4 /* fs-repo-migrations-arm64 in Resources */,
			);
			runOnlyForDeploymentPostprocessing = 0;
		};
/* End PBXResourcesBuildPhase section */

/* Begin PBXSourcesBuildPhase section */
		2AC4994127BB6E7500F1C2D1 /* Sources */ = {
			isa = PBXSourcesBuildPhase;
			buildActionMask = 2147483647;
			files = (
				2AF4003627F22E87005DF1A9 /* PlanetWriterManager.swift in Sources */,
				6A5F3971280785A700386029 /* TemplateBrowserSidebar.swift in Sources */,
				2AC4996627BB97F000F1C2D1 /* PlanetConfiguration.swift in Sources */,
				6A5E63A8280726AB00FB1E84 /* TemplateBrowserManager.swift in Sources */,
				2AE07DDA27C9F4EA00377651 /* PlanetArticleWebView.swift in Sources */,
				2A09A36127C2582B0003A0B5 /* PlanetArticleListView.swift in Sources */,
				6A0FB8A827FBB129008E203D /* SmartFeedView.swift in Sources */,
				2A1DA2092820307D0039C3EF /* PlanetAvatarViewModel.swift in Sources */,
				2A780CF927C76EF0007DC36A /* PlanetAvatarView.swift in Sources */,
				2AC4996227BB97A200F1C2D1 /* PlanetManager.swift in Sources */,
				2A441BB327C4DF110008A694 /* FollowPlanetView.swift in Sources */,
				6A669052282BD6E6009E56E2 /* TemplateBrowserPreviewWebView.swift in Sources */,
				2AC4995D27BB758B00F1C2D1 /* Extensions.swift in Sources */,
				6ABAB91828215FF30014F209 /* TemplatePreviewView.swift in Sources */,
				2A09A35C27C257D60003A0B5 /* PlanetMainView.swift in Sources */,
				2A441BB027C4DD980008A694 /* CreatePlanetView.swift in Sources */,
				2A2E33F227F4A93B0093F405 /* PlanetWriterUploadImageThumbnailView.swift in Sources */,
				2AC4997427BC0EBA00F1C2D1 /* Planet.xcdatamodeld in Sources */,
				2AC4994927BB6E7500F1C2D1 /* PlanetApp.swift in Sources */,
				2A09A35F27C2581F0003A0B5 /* PlanetSidebarView.swift in Sources */,
				2AF1318727C7CDAF007792FE /* PlanetArticleView.swift in Sources */,
				2AC4995A27BB756400F1C2D1 /* PlanetStore.swift in Sources */,
				2A441BAC27C40AAC0008A694 /* PlanetWriterWindow.swift in Sources */,
				2AF4003927F2321F005DF1A9 /* PlanetWriterTextView.swift in Sources */,
				2AC4995B27BB756400F1C2D1 /* Planet.swift in Sources */,
				2AF4003D27F23575005DF1A9 /* PlanetWriterEditorTextView.swift in Sources */,
				2A5EA54B281A84BE002FAC54 /* PlanetWriterViewModel.swift in Sources */,
				2AF4003B27F232B2005DF1A9 /* PlanetWriterHelper.swift in Sources */,
				2A732309280983380040BDBD /* PlanetStatusViewModel.swift in Sources */,
				6A6A1468282159DC009644B6 /* TemplateBrowserStore.swift in Sources */,
				6A5E63AA2807297000FB1E84 /* TemplateBrowserWindow.swift in Sources */,
				2A441BAE27C40BD30008A694 /* PlanetWriterView.swift in Sources */,
				2AF4006627F379BF005DF1A9 /* PlanetWriterWebView.swift in Sources */,
				2A441BAA27C34FCC0008A694 /* PlanetAboutView.swift in Sources */,
				6A6A146628215587009644B6 /* Template.swift in Sources */,
				6A2B9BE627ED24A00005467C /* PlanetArticleItemView.swift in Sources */,
				2A7D1BF427CA1B0A00D3C091 /* EditPlanetView.swift in Sources */,
				2AF4006427F37992005DF1A9 /* PlanetWriterPreviewView.swift in Sources */,
				6A5E63AC28072AD400FB1E84 /* TemplateBrowserView.swift in Sources */,
				2AC4996027BB945800F1C2D1 /* PlanetDataController.swift in Sources */,
				72114F25F504270EB29068C9 /* PlanetError.swift in Sources */,
				7211454FA6F933028B1A6F34 /* GoIPFSGateway.swift in Sources */,
				72114509730D9D97178E0E82 /* IPFSState.swift in Sources */,
				721148F88BE8ABCC52FEB501 /* IPFSDaemon.swift in Sources */,
				7211431A5867D4CF2960EC39 /* IPFSCommand.swift in Sources */,
				7211453BC07C2E4A588D1618 /* URLUtils.swift in Sources */,
			);
			runOnlyForDeploymentPostprocessing = 0;
		};
/* End PBXSourcesBuildPhase section */

/* Begin XCBuildConfiguration section */
		2AC4995227BB6E7600F1C2D1 /* Debug */ = {
			isa = XCBuildConfiguration;
			baseConfigurationReference = 2AC4996727BB981200F1C2D1 /* Planet.xcconfig */;
			buildSettings = {
				ALWAYS_SEARCH_USER_PATHS = NO;
				CLANG_ANALYZER_NONNULL = YES;
				CLANG_ANALYZER_NUMBER_OBJECT_CONVERSION = YES_AGGRESSIVE;
				CLANG_CXX_LANGUAGE_STANDARD = "gnu++17";
				CLANG_CXX_LIBRARY = "libc++";
				CLANG_ENABLE_MODULES = YES;
				CLANG_ENABLE_OBJC_ARC = YES;
				CLANG_ENABLE_OBJC_WEAK = YES;
				CLANG_WARN_BLOCK_CAPTURE_AUTORELEASING = YES;
				CLANG_WARN_BOOL_CONVERSION = YES;
				CLANG_WARN_COMMA = YES;
				CLANG_WARN_CONSTANT_CONVERSION = YES;
				CLANG_WARN_DEPRECATED_OBJC_IMPLEMENTATIONS = YES;
				CLANG_WARN_DIRECT_OBJC_ISA_USAGE = YES_ERROR;
				CLANG_WARN_DOCUMENTATION_COMMENTS = YES;
				CLANG_WARN_EMPTY_BODY = YES;
				CLANG_WARN_ENUM_CONVERSION = YES;
				CLANG_WARN_INFINITE_RECURSION = YES;
				CLANG_WARN_INT_CONVERSION = YES;
				CLANG_WARN_NON_LITERAL_NULL_CONVERSION = YES;
				CLANG_WARN_OBJC_IMPLICIT_RETAIN_SELF = YES;
				CLANG_WARN_OBJC_LITERAL_CONVERSION = YES;
				CLANG_WARN_OBJC_ROOT_CLASS = YES_ERROR;
				CLANG_WARN_QUOTED_INCLUDE_IN_FRAMEWORK_HEADER = YES;
				CLANG_WARN_RANGE_LOOP_ANALYSIS = YES;
				CLANG_WARN_STRICT_PROTOTYPES = YES;
				CLANG_WARN_SUSPICIOUS_MOVE = YES;
				CLANG_WARN_UNGUARDED_AVAILABILITY = YES_AGGRESSIVE;
				CLANG_WARN_UNREACHABLE_CODE = YES;
				CLANG_WARN__DUPLICATE_METHOD_MATCH = YES;
				COPY_PHASE_STRIP = NO;
				DEBUG_INFORMATION_FORMAT = dwarf;
				ENABLE_STRICT_OBJC_MSGSEND = YES;
				ENABLE_TESTABILITY = YES;
				GCC_C_LANGUAGE_STANDARD = gnu11;
				GCC_DYNAMIC_NO_PIC = NO;
				GCC_NO_COMMON_BLOCKS = YES;
				GCC_OPTIMIZATION_LEVEL = 0;
				GCC_PREPROCESSOR_DEFINITIONS = (
					"DEBUG=1",
					"$(inherited)",
				);
				GCC_WARN_64_TO_32_BIT_CONVERSION = YES;
				GCC_WARN_ABOUT_RETURN_TYPE = YES_ERROR;
				GCC_WARN_UNDECLARED_SELECTOR = YES;
				GCC_WARN_UNINITIALIZED_AUTOS = YES_AGGRESSIVE;
				GCC_WARN_UNUSED_FUNCTION = YES;
				GCC_WARN_UNUSED_VARIABLE = YES;
				MACOSX_DEPLOYMENT_TARGET = 12.0;
				MTL_ENABLE_DEBUG_INFO = INCLUDE_SOURCE;
				MTL_FAST_MATH = YES;
				ONLY_ACTIVE_ARCH = YES;
				SDKROOT = macosx;
				SWIFT_ACTIVE_COMPILATION_CONDITIONS = DEBUG;
				SWIFT_OPTIMIZATION_LEVEL = "-Onone";
			};
			name = Debug;
		};
		2AC4995327BB6E7600F1C2D1 /* Release */ = {
			isa = XCBuildConfiguration;
			baseConfigurationReference = 2A43EBA1283FC7A200501018 /* Release.xcconfig */;
			buildSettings = {
				ALWAYS_SEARCH_USER_PATHS = NO;
				CLANG_ANALYZER_NONNULL = YES;
				CLANG_ANALYZER_NUMBER_OBJECT_CONVERSION = YES_AGGRESSIVE;
				CLANG_CXX_LANGUAGE_STANDARD = "gnu++17";
				CLANG_CXX_LIBRARY = "libc++";
				CLANG_ENABLE_MODULES = YES;
				CLANG_ENABLE_OBJC_ARC = YES;
				CLANG_ENABLE_OBJC_WEAK = YES;
				CLANG_WARN_BLOCK_CAPTURE_AUTORELEASING = YES;
				CLANG_WARN_BOOL_CONVERSION = YES;
				CLANG_WARN_COMMA = YES;
				CLANG_WARN_CONSTANT_CONVERSION = YES;
				CLANG_WARN_DEPRECATED_OBJC_IMPLEMENTATIONS = YES;
				CLANG_WARN_DIRECT_OBJC_ISA_USAGE = YES_ERROR;
				CLANG_WARN_DOCUMENTATION_COMMENTS = YES;
				CLANG_WARN_EMPTY_BODY = YES;
				CLANG_WARN_ENUM_CONVERSION = YES;
				CLANG_WARN_INFINITE_RECURSION = YES;
				CLANG_WARN_INT_CONVERSION = YES;
				CLANG_WARN_NON_LITERAL_NULL_CONVERSION = YES;
				CLANG_WARN_OBJC_IMPLICIT_RETAIN_SELF = YES;
				CLANG_WARN_OBJC_LITERAL_CONVERSION = YES;
				CLANG_WARN_OBJC_ROOT_CLASS = YES_ERROR;
				CLANG_WARN_QUOTED_INCLUDE_IN_FRAMEWORK_HEADER = YES;
				CLANG_WARN_RANGE_LOOP_ANALYSIS = YES;
				CLANG_WARN_STRICT_PROTOTYPES = YES;
				CLANG_WARN_SUSPICIOUS_MOVE = YES;
				CLANG_WARN_UNGUARDED_AVAILABILITY = YES_AGGRESSIVE;
				CLANG_WARN_UNREACHABLE_CODE = YES;
				CLANG_WARN__DUPLICATE_METHOD_MATCH = YES;
				COPY_PHASE_STRIP = NO;
				DEBUG_INFORMATION_FORMAT = "dwarf-with-dsym";
				ENABLE_NS_ASSERTIONS = NO;
				ENABLE_STRICT_OBJC_MSGSEND = YES;
				GCC_C_LANGUAGE_STANDARD = gnu11;
				GCC_NO_COMMON_BLOCKS = YES;
				GCC_WARN_64_TO_32_BIT_CONVERSION = YES;
				GCC_WARN_ABOUT_RETURN_TYPE = YES_ERROR;
				GCC_WARN_UNDECLARED_SELECTOR = YES;
				GCC_WARN_UNINITIALIZED_AUTOS = YES_AGGRESSIVE;
				GCC_WARN_UNUSED_FUNCTION = YES;
				GCC_WARN_UNUSED_VARIABLE = YES;
				MACOSX_DEPLOYMENT_TARGET = 12.0;
				MTL_ENABLE_DEBUG_INFO = NO;
				MTL_FAST_MATH = YES;
				SDKROOT = macosx;
				SWIFT_COMPILATION_MODE = wholemodule;
				SWIFT_OPTIMIZATION_LEVEL = "-O";
			};
			name = Release;
		};
		2AC4995527BB6E7600F1C2D1 /* Debug */ = {
			isa = XCBuildConfiguration;
			buildSettings = {
				ASSETCATALOG_COMPILER_APPICON_NAME = AppIcon;
				ASSETCATALOG_COMPILER_GLOBAL_ACCENT_COLOR_NAME = AccentColor;
				CODE_SIGN_ENTITLEMENTS = Planet/Planet.entitlements;
				CODE_SIGN_IDENTITY = "Apple Development";
				COMBINE_HIDPI_IMAGES = YES;
				DEVELOPMENT_ASSET_PATHS = "\"Planet/Preview Content\"";
				ENABLE_HARDENED_RUNTIME = YES;
				ENABLE_PREVIEWS = YES;
				GENERATE_INFOPLIST_FILE = YES;
				INFOPLIST_FILE = Planet/Info.plist;
				INFOPLIST_KEY_LSApplicationCategoryType = "public.app-category.productivity";
				INFOPLIST_KEY_NSHumanReadableCopyright = "Copyright (c) 2022 Planetable";
				LD_RUNPATH_SEARCH_PATHS = (
					"$(inherited)",
					"@executable_path/../Frameworks",
				);
				MACOSX_DEPLOYMENT_TARGET = 12.0;
				MARKETING_VERSION = 0.5;
				PRODUCT_BUNDLE_IDENTIFIER = "$(ORGANIZATION_IDENTIFIER_PREFIX).Planet";
				PRODUCT_NAME = "$(TARGET_NAME)";
				PROVISIONING_PROFILE_SPECIFIER = "";
				SWIFT_EMIT_LOC_STRINGS = YES;
				SWIFT_VERSION = 5.0;
				VERSIONING_SYSTEM = "apple-generic";
			};
			name = Debug;
		};
		2AC4995627BB6E7600F1C2D1 /* Release */ = {
			isa = XCBuildConfiguration;
			buildSettings = {
				ASSETCATALOG_COMPILER_APPICON_NAME = AppIcon;
				ASSETCATALOG_COMPILER_GLOBAL_ACCENT_COLOR_NAME = AccentColor;
				CODE_SIGN_ENTITLEMENTS = Planet/Planet.entitlements;
				CODE_SIGN_IDENTITY = "Apple Development";
				COMBINE_HIDPI_IMAGES = YES;
				DEVELOPMENT_ASSET_PATHS = "\"Planet/Preview Content\"";
				ENABLE_HARDENED_RUNTIME = YES;
				ENABLE_PREVIEWS = YES;
				GENERATE_INFOPLIST_FILE = YES;
				INFOPLIST_FILE = Planet/Info.plist;
				INFOPLIST_KEY_LSApplicationCategoryType = "public.app-category.productivity";
				INFOPLIST_KEY_NSHumanReadableCopyright = "Copyright (c) 2022 Planetable";
				LD_RUNPATH_SEARCH_PATHS = (
					"$(inherited)",
					"@executable_path/../Frameworks",
				);
				MACOSX_DEPLOYMENT_TARGET = 12.0;
				MARKETING_VERSION = 0.5;
				PRODUCT_BUNDLE_IDENTIFIER = "$(ORGANIZATION_IDENTIFIER_PREFIX).Planet";
				PRODUCT_NAME = "$(TARGET_NAME)";
				PROVISIONING_PROFILE_SPECIFIER = "";
				SWIFT_EMIT_LOC_STRINGS = YES;
				SWIFT_VERSION = 5.0;
				VERSIONING_SYSTEM = "apple-generic";
			};
			name = Release;
		};
/* End XCBuildConfiguration section */

/* Begin XCConfigurationList section */
		2AC4994027BB6E7500F1C2D1 /* Build configuration list for PBXProject "Planet" */ = {
			isa = XCConfigurationList;
			buildConfigurations = (
				2AC4995227BB6E7600F1C2D1 /* Debug */,
				2AC4995327BB6E7600F1C2D1 /* Release */,
			);
			defaultConfigurationIsVisible = 0;
			defaultConfigurationName = Release;
		};
		2AC4995427BB6E7600F1C2D1 /* Build configuration list for PBXNativeTarget "Planet" */ = {
			isa = XCConfigurationList;
			buildConfigurations = (
				2AC4995527BB6E7600F1C2D1 /* Debug */,
				2AC4995627BB6E7600F1C2D1 /* Release */,
			);
			defaultConfigurationIsVisible = 0;
			defaultConfigurationName = Release;
		};
/* End XCConfigurationList section */

/* Begin XCRemoteSwiftPackageReference section */
		2A43EB9E283FBE2000501018 /* XCRemoteSwiftPackageReference "Sparkle" */ = {
			isa = XCRemoteSwiftPackageReference;
			repositoryURL = "https://github.com/sparkle-project/Sparkle";
			requirement = {
				kind = exactVersion;
				version = 1.27.1;
			};
		};
		2A69F04527E1B53A00141DC0 /* XCRemoteSwiftPackageReference "FeedKit" */ = {
			isa = XCRemoteSwiftPackageReference;
			repositoryURL = "https://github.com/nmdias/FeedKit";
			requirement = {
				kind = upToNextMajorVersion;
				minimumVersion = 9.0.0;
			};
		};
		2AC4996A27BB99DC00F1C2D1 /* XCRemoteSwiftPackageReference "Stencil" */ = {
			isa = XCRemoteSwiftPackageReference;
			repositoryURL = "https://github.com/stencilproject/Stencil.git";
			requirement = {
				branch = master;
				kind = branch;
			};
		};
		6A0172E927C9FD5F006154B7 /* XCRemoteSwiftPackageReference "ink" */ = {
			isa = XCRemoteSwiftPackageReference;
			repositoryURL = "https://github.com/johnsundell/ink.git";
			requirement = {
				kind = upToNextMajorVersion;
				minimumVersion = 0.5.1;
			};
		};
		BBC831A92836239300CE1F67 /* XCRemoteSwiftPackageReference "PlanetSiteTemplates" */ = {
			isa = XCRemoteSwiftPackageReference;
			repositoryURL = "https://github.com/Planetable/PlanetSiteTemplates.git";
			requirement = {
				kind = upToNextMajorVersion;
				minimumVersion = 0.1.0;
			};
		};
		BBFE51EA27F3AABC0055A51A /* XCRemoteSwiftPackageReference "ENSKit" */ = {
			isa = XCRemoteSwiftPackageReference;
			repositoryURL = "https://github.com/Planetable/ENSKit";
			requirement = {
				kind = upToNextMajorVersion;
				minimumVersion = 0.4.1;
			};
		};
/* End XCRemoteSwiftPackageReference section */

/* Begin XCSwiftPackageProductDependency section */
		2A43EB9F283FBE2000501018 /* Sparkle */ = {
			isa = XCSwiftPackageProductDependency;
			package = 2A43EB9E283FBE2000501018 /* XCRemoteSwiftPackageReference "Sparkle" */;
			productName = Sparkle;
		};
		2A69F04627E1B53A00141DC0 /* FeedKit */ = {
			isa = XCSwiftPackageProductDependency;
			package = 2A69F04527E1B53A00141DC0 /* XCRemoteSwiftPackageReference "FeedKit" */;
			productName = FeedKit;
		};
		2AC4996B27BB99DC00F1C2D1 /* Stencil */ = {
			isa = XCSwiftPackageProductDependency;
			package = 2AC4996A27BB99DC00F1C2D1 /* XCRemoteSwiftPackageReference "Stencil" */;
			productName = Stencil;
		};
		6A0172EA27C9FD5F006154B7 /* Ink */ = {
			isa = XCSwiftPackageProductDependency;
			package = 6A0172E927C9FD5F006154B7 /* XCRemoteSwiftPackageReference "ink" */;
			productName = Ink;
		};
		BBC831AA2836239300CE1F67 /* PlanetSiteTemplates */ = {
			isa = XCSwiftPackageProductDependency;
			package = BBC831A92836239300CE1F67 /* XCRemoteSwiftPackageReference "PlanetSiteTemplates" */;
			productName = PlanetSiteTemplates;
		};
		BBFE51EB27F3AABC0055A51A /* ENSKit */ = {
			isa = XCSwiftPackageProductDependency;
			package = BBFE51EA27F3AABC0055A51A /* XCRemoteSwiftPackageReference "ENSKit" */;
			productName = ENSKit;
		};
/* End XCSwiftPackageProductDependency section */

/* Begin XCVersionGroup section */
		2AC4997227BC0EBA00F1C2D1 /* Planet.xcdatamodeld */ = {
			isa = XCVersionGroup;
			children = (
				BBC831AC2837075600CE1F67 /* Planet v7.xcdatamodel */,
				BB8ADF83282580130024DEE2 /* Planet v6.xcdatamodel */,
				BBC60A1A2803931C007A42D0 /* Planet v5.xcdatamodel */,
				6A0FB8A427FBA3A3008E203D /* Planet v4.xcdatamodel */,
				6AA2BC3227DC09AE00AC96B5 /* Planet v3.xcdatamodel */,
				6AF47B0127D8149A00F34724 /* Planet v2.xcdatamodel */,
				2AC4997327BC0EBA00F1C2D1 /* Planet.xcdatamodel */,
			);
			currentVersion = BBC831AC2837075600CE1F67 /* Planet v7.xcdatamodel */;
			path = Planet.xcdatamodeld;
			sourceTree = "<group>";
			versionGroupType = wrapper.xcdatamodel;
		};
/* End XCVersionGroup section */
	};
	rootObject = 2AC4993D27BB6E7500F1C2D1 /* Project object */;
}
