{
  "pins" : [
    {
      "identity" : "bigint",
      "kind" : "remoteSourceControl",
      "location" : "https://github.com/attaswift/BigInt.git",
      "state" : {
        "revision" : "0ed110f7555c34ff468e72e1686e59721f2b0da6",
        "version" : "5.3.0"
      }
    },
    {
      "identity" : "cryptoswift",
      "kind" : "remoteSourceControl",
      "location" : "https://github.com/krzyzanowskim/CryptoSwift.git",
      "state" : {
        "revision" : "039f56c5d7960f277087a0be51f5eb04ed0ec073",
        "version" : "1.5.1"
      }
    },
    {
      "identity" : "enskit",
      "kind" : "remoteSourceControl",
      "location" : "https://github.com/Planetable/ENSKit",
      "state" : {
        "revision" : "0842078e4ff0caa9eb9d457ff9de57c2020a8dd3",
        "version" : "0.5.0"
      }
    },
    {
      "identity" : "feedkit",
      "kind" : "remoteSourceControl",
      "location" : "https://github.com/nmdias/FeedKit",
      "state" : {
        "revision" : "68493a33d862c33c9a9f67ec729b3b7df1b20ade",
        "version" : "9.1.2"
      }
    },
    {
      "identity" : "libcmark_gfm",
      "kind" : "remoteSourceControl",
      "location" : "https://github.com/KristopherGBaker/libcmark_gfm",
      "state" : {
        "revision" : "adfab58d571f9e8d1447e7e876ca381d7f0f6cdb",
        "version" : "0.29.4"
      }
    },
    {
      "identity" : "pathkit",
      "kind" : "remoteSourceControl",
      "location" : "https://github.com/kylef/PathKit.git",
      "state" : {
        "revision" : "3bfd2737b700b9a36565a8c94f4ad2b050a5e574",
        "version" : "1.0.1"
      }
    },
    {
      "identity" : "planetsitetemplates",
      "kind" : "remoteSourceControl",
      "location" : "https://github.com/Planetable/PlanetSiteTemplates.git",
      "state" : {
        "revision" : "a97922e26cdabdd057a621aa1a5c7c7a44361186",
        "version" : "0.6.0"
      }
    },
    {
      "identity" : "sparkle",
      "kind" : "remoteSourceControl",
      "location" : "https://github.com/sparkle-project/Sparkle",
      "state" : {
        "revision" : "059ce9128775d5a636c7f4716f71a58919d3111e",
        "version" : "2.2.1"
      }
    },
    {
      "identity" : "spectre",
      "kind" : "remoteSourceControl",
      "location" : "https://github.com/kylef/Spectre.git",
      "state" : {
        "revision" : "26cc5e9ae0947092c7139ef7ba612e34646086c7",
        "version" : "0.10.1"
      }
    },
    {
      "identity" : "stencil",
      "kind" : "remoteSourceControl",
      "location" : "https://github.com/stencilproject/Stencil.git",
      "state" : {
        "branch" : "master",
        "revision" : "4f222ac85d673f35df29962fc4c36ccfdaf9da5b"
      }
    },
    {
      "identity" : "swift-html-entities",
      "kind" : "remoteSourceControl",
      "location" : "https://github.com/Kitura/swift-html-entities",
      "state" : {
        "revision" : "d8ca73197f59ce260c71bd6d7f6eb8bbdccf508b",
        "version" : "4.0.1"
      }
    },
    {
      "identity" : "swiftsoup",
      "kind" : "remoteSourceControl",
      "location" : "https://github.com/scinfu/SwiftSoup.git",
      "state" : {
        "revision" : "6778575285177365cbad3e5b8a72f2a20583cfec",
        "version" : "2.4.3"
      }
    },
    {
      "identity" : "swiftyjson",
      "kind" : "remoteSourceControl",
      "location" : "https://github.com/SwiftyJSON/SwiftyJSON.git",
      "state" : {
        "revision" : "b3dcd7dbd0d488e1a7077cb33b00f2083e382f07",
        "version" : "5.0.1"
      }
    },
    {
      "identity" : "uint256",
      "kind" : "remoteSourceControl",
      "location" : "https://github.com/stdc105/UInt256.git",
      "state" : {
        "revision" : "39268c507a732d0583ae813a7f957a4b0bd74d8a",
        "version" : "0.3.0"
      }
    }
  ],
  "version" : 2
}
