{
  "pins" : [
    {
      "identity" : "base58swift",
      "kind" : "remoteSourceControl",
      "location" : "https://github.com/keefertaylor/Base58Swift.git",
      "state" : {
        "revision" : "1c13ea6b07f1584660526f8bde3d4cc150e91acd",
        "version" : "2.1.14"
      }
    },
    {
      "identity" : "bigint",
      "kind" : "remoteSourceControl",
      "location" : "https://github.com/attaswift/BigInt.git",
      "state" : {
        "revision" : "0ed110f7555c34ff468e72e1686e59721f2b0da6",
        "version" : "5.3.0"
      }
    },
    {
      "identity" : "cryptoswift",
      "kind" : "remoteSourceControl",
      "location" : "https://github.com/krzyzanowskim/CryptoSwift.git",
      "state" : {
        "revision" : "4c4662dcff510fe0c74323279711daed16f08528",
        "version" : "1.5.0"
      }
    },
    {
      "identity" : "enskit",
      "kind" : "remoteSourceControl",
      "location" : "https://github.com/Planetable/ENSKit",
      "state" : {
        "revision" : "ed58461e677f48a898bac500be7a2ac6f0b8281a",
        "version" : "0.3.3"
      }
    },
    {
      "identity" : "feedkit",
      "kind" : "remoteSourceControl",
      "location" : "https://github.com/nmdias/FeedKit",
      "state" : {
        "revision" : "68493a33d862c33c9a9f67ec729b3b7df1b20ade",
        "version" : "9.1.2"
      }
    },
    {
      "identity" : "ink",
      "kind" : "remoteSourceControl",
      "location" : "https://github.com/johnsundell/ink.git",
      "state" : {
        "revision" : "77c3d8953374a9cf5418ef0bd7108524999de85a",
        "version" : "0.5.1"
      }
    },
    {
      "identity" : "pathkit",
      "kind" : "remoteSourceControl",
      "location" : "https://github.com/kylef/PathKit.git",
      "state" : {
        "revision" : "3bfd2737b700b9a36565a8c94f4ad2b050a5e574",
        "version" : "1.0.1"
      }
    },
    {
      "identity" : "planetsitetemplates",
      "kind" : "remoteSourceControl",
      "location" : "git@github.com:Planetable/PlanetSiteTemplates.git",
      "state" : {
        "revision" : "6450062656e2f1bc8b20ee3d334eaa1737b26fb9",
        "version" : "0.1.0"
      }
    },
    {
      "identity" : "spectre",
      "kind" : "remoteSourceControl",
      "location" : "https://github.com/kylef/Spectre.git",
      "state" : {
        "revision" : "26cc5e9ae0947092c7139ef7ba612e34646086c7",
        "version" : "0.10.1"
      }
    },
    {
      "identity" : "stencil",
      "kind" : "remoteSourceControl",
      "location" : "https://github.com/stencilproject/Stencil.git",
      "state" : {
        "branch" : "master",
        "revision" : "c7e1c890f83a2d847c5d3dfc9a737a8e7fd4c641"
      }
    },
    {
      "identity" : "swiftyjson",
      "kind" : "remoteSourceControl",
      "location" : "https://github.com/SwiftyJSON/SwiftyJSON.git",
      "state" : {
        "revision" : "b3dcd7dbd0d488e1a7077cb33b00f2083e382f07",
        "version" : "5.0.1"
      }
    },
    {
      "identity" : "uint256",
      "kind" : "remoteSourceControl",
      "location" : "https://github.com/stdc105/UInt256.git",
      "state" : {
        "revision" : "39268c507a732d0583ae813a7f957a4b0bd74d8a",
        "version" : "0.3.0"
      }
    }
  ],
  "version" : 2
}
